
Microsoft Visual Studio Solution File, Format Version 12.00
# Visual Studio Version 17
VisualStudioVersion = 17.10.35004.147
MinimumVisualStudioVersion = 10.0.40219.1
Project("{FAE04EC0-301F-11D3-BF4B-00C04F79EFBC}") = "yt-dlp-GUI", "yt-dlp-GUI\yt-dlp-GUI.csproj", "{3B606F59-5677-4473-BF69-09566A5001ED}"
EndProject
Global
	GlobalSection(SolutionConfigurationPlatforms) = preSolution
		Debug|Any CPU = Debug|Any CPU
		Release|Any CPU = Release|Any CPU
	EndGlobalSection
	GlobalSection(ProjectConfigurationPlatforms) = postSolution
		{3B606F59-5677-4473-BF69-09566A5001ED}.Debug|Any CPU.ActiveCfg = Release|Any CPU
		{3B606F59-5677-4473-BF69-09566A5001ED}.Debug|Any CPU.Build.0 = Release|Any CPU
		{3B606F59-5677-4473-BF69-09566A5001ED}.Release|Any CPU.ActiveCfg = Release|Any CPU
		{3B606F59-5677-4473-BF69-09566A5001ED}.Release|Any CPU.Build.0 = Release|Any CPU
	EndGlobalSection
	GlobalSection(SolutionProperties) = preSolution
		HideSolutionNode = FALSE
	EndGlobalSection
	GlobalSection(ExtensibilityGlobals) = postSolution
		SolutionGuid = {AF583ECC-34F1-45E8-AF1E-15D6D0119613}
	EndGlobalSection
EndGlobal
